{
  "name": "josiahyeow.github.io",
  "version": "1.0.0",
  "lockfileVersion": 1,
  "requires": true,
  "dependencies": {
    "simplelightbox": {
      "version": "2.1.4",
      "resolved": "https://registry.npmjs.org/simplelightbox/-/simplelightbox-2.1.4.tgz",
      "integrity": "sha512-sxtEHJ5Ivny3TySXOTb3ScWJG7br108VK1m02sKDGrMRE55tuhfl+gVeDjp0mhZd4FALqeVlLyApIMbvvUjdzA=="
    }
  }
}
